# THIS IS AN AUTOGENERATED FILE. DO NOT EDIT THIS FILE DIRECTLY.
# yarn lockfile v1


collections@^0.2.0:
  version "0.2.2"
  resolved "https://registry.yarnpkg.com/collections/-/collections-0.2.2.tgz#1f23026b2ef36f927eecc901e99c5f0d48fa334e"
  dependencies:
    weak-map "1.0.0"

mime@^1.2.11:
  version "1.6.0"
  resolved "https://registry.yarnpkg.com/mime/-/mime-1.6.0.tgz#32cd9e5c64553bd58d19a568af452acff04981b1"

mimeparse@^0.1.4:
  version "0.1.4"
  resolved "https://registry.yarnpkg.com/mimeparse/-/mimeparse-0.1.4.tgz#dafb02752370fd226093ae3152c271af01ac254a"

q-io@^1.13.4:
  version "1.13.4"
  resolved "https://registry.yarnpkg.com/q-io/-/q-io-1.13.4.tgz#a96a0a04ea26ada3f7fa432eb742d486c72cff2d"
  dependencies:
    collections "^0.2.0"
    mime "^1.2.11"
    mimeparse "^0.1.4"
    q "^1.0.1"
    qs "^6.4.0"
    url2 "^0.0.0"

q@^1.0.1:
  version "1.5.1"
  resolved "https://registry.yarnpkg.com/q/-/q-1.5.1.tgz#7e32f75b41381291d04611f1bf14109ac00651d7"

qs@^6.4.0:
  version "6.5.1"
  resolved "https://registry.yarnpkg.com/qs/-/qs-6.5.1.tgz#349cdf6eef89ec45c12d7d5eb3fc0c870343a6d8"

url2@^0.0.0:
  version "0.0.0"
  resolved "https://registry.yarnpkg.com/url2/-/url2-0.0.0.tgz#4eaabd1d5c3ac90d62ab4485c998422865a04b1a"

weak-map@1.0.0:
  version "1.0.0"
  resolved "https://registry.yarnpkg.com/weak-map/-/weak-map-1.0.0.tgz#b66e56a9df0bd25a76bbf1b514db129080614a37"
